// !$*UTF8*$!
{
	archiveVersion = 1;
	classes = {
	};
	objectVersion = 77;
	objects = {

/* Begin PBXAggregateTarget section */
		1B4010F02FDCA09300DAF751 /* PluginBridge */ = {
			isa = PBXAggregateTarget;
			buildConfigurationList = 1B4010F22FDCA09300DAF751 /* Build configuration list for PBXAggregateTarget "PluginBridge" */;
			buildPhases = (
				1B4010F12FDCA09300DAF751 /* Generate plugins/gmcc */,
			);
			dependencies = (
				A17E00212FDCB00000DAF751 /* PBXTargetDependency */,
			);
			name = PluginBridge;
			productName = PluginBridge;
		};
		1B5EED002FDCA09300DAF751 /* TestEnvSeed */ = {
			isa = PBXAggregateTarget;
			buildConfigurationList = 1B5EED022FDCA09300DAF751 /* Build configuration list for PBXAggregateTarget "TestEnvSeed" */;
			buildPhases = (
				1B5EED012FDCA09300DAF751 /* Seed ~/test_gmfs */,
			);
			dependencies = (
				A17E001F2FDCB00000DAF751 /* PBXTargetDependency */,
			);
			name = TestEnvSeed;
			productName = TestEnvSeed;
		};
/* End PBXAggregateTarget section */

/* Begin PBXBuildFile section */
		A17E00042FDCB00000DAF751 /* VERSION in Sources */ = {isa = PBXBuildFile; fileRef = A17E00032FDCB00000DAF751 /* VERSION */; };
		A17E000C2FDCB00000DAF751 /* GRDB in Frameworks */ = {isa = PBXBuildFile; productRef = A17E00092FDCB00000DAF751 /* GRDB */; };
		A17E000D2FDCB00000DAF751 /* SwiftProtobuf in Frameworks */ = {isa = PBXBuildFile; productRef = A17E000A2FDCB00000DAF751 /* SwiftProtobuf */; };
		A17E000E2FDCB00000DAF751 /* ClaudeForFoundationModels in Frameworks */ = {isa = PBXBuildFile; productRef = A17E000B2FDCB00000DAF751 /* ClaudeForFoundationModels */; };
		A17E00172FDCB00000DAF751 /* GRDB in Frameworks */ = {isa = PBXBuildFile; productRef = A17E00162FDCB00000DAF751 /* GRDB */; };
/* End PBXBuildFile section */

/* Begin PBXBuildRule section */
		A17E00052FDCB00000DAF751 /* PBXBuildRule */ = {
			isa = PBXBuildRule;
			compilerSpec = com.apple.compilers.proxy.script;
			filePatterns = "*/VERSION";
			fileType = pattern.proxy;
			inputFiles = (
				"$(SRCROOT)/scripts/stamp_build_info.sh",
				"$(SRCROOT)/../.git/HEAD",
			);
			isEditable = 1;
			name = "Stamp GmVersion and BuildInfo";
			outputFiles = (
				"$(DERIVED_FILE_DIR)/GmVersion.swift",
				"$(DERIVED_FILE_DIR)/BuildInfo.swift",
			);
			runOncePerArchitecture = 0;
			script = "exec /bin/bash \"${SRCROOT}/scripts/stamp_build_info.sh\"\n";
		};
/* End PBXBuildRule section */

/* Begin PBXContainerItemProxy section */
		A17E001C2FDCB00000DAF751 /* PBXContainerItemProxy */ = {
			isa = PBXContainerItemProxy;
			containerPortal = 1B40106B2FDCA09200DAF751 /* Project object */;
			proxyType = 1;
			remoteGlobalIDString = 1B4010722FDCA09200DAF751;
			remoteInfo = gm_kernel;
		};
		A17E001E2FDCB00000DAF751 /* PBXContainerItemProxy */ = {
			isa = PBXContainerItemProxy;
			containerPortal = 1B40106B2FDCA09200DAF751 /* Project object */;
			proxyType = 1;
			remoteGlobalIDString = 1B4010722FDCA09200DAF751;
			remoteInfo = gm_kernel;
		};
		A17E00202FDCB00000DAF751 /* PBXContainerItemProxy */ = {
			isa = PBXContainerItemProxy;
			containerPortal = 1B40106B2FDCA09200DAF751 /* Project object */;
			proxyType = 1;
			remoteGlobalIDString = 1B4010722FDCA09200DAF751;
			remoteInfo = gm_kernel;
		};
/* End PBXContainerItemProxy section */

/* Begin PBXFileReference section */
		1B4010732FDCA09200DAF751 /* gm_kernel.app */ = {isa = PBXFileReference; explicitFileType = wrapper.application; includeInIndex = 0; name = gm_kernel.app; path = gm_kernel.app; sourceTree = BUILT_PRODUCTS_DIR; };
		A17E00032FDCB00000DAF751 /* VERSION */ = {isa = PBXFileReference; lastKnownFileType = text; path = VERSION; sourceTree = "<group>"; };
		A17E00112FDCB00000DAF751 /* GmKernelTests.xctest */ = {isa = PBXFileReference; explicitFileType = wrapper.cfbundle; includeInIndex = 0; path = GmKernelTests.xctest; sourceTree = BUILT_PRODUCTS_DIR; };
/* End PBXFileReference section */

/* Begin PBXFileSystemSynchronizedBuildFileExceptionSet section */
		A17E00022FDCB00000DAF751 /* Exceptions for "Sources" folder in "GmKernelTests" target */ = {
			isa = PBXFileSystemSynchronizedBuildFileExceptionSet;
			membershipExceptions = (
				"GmDaemon/ChewedArtifact.swift",
				"GmDaemon/DopeAreaTable.swift",
				"GmDaemon/PersistedEvent.swift",
				"GmDaemon/Persistence/Entities/ActiveKbiteRecords.swift",
				"GmDaemon/Persistence/Entities/AgentRegistrationRecord.swift",
				"GmDaemon/Persistence/Entities/ArchitectureRecords.swift",
				"GmDaemon/Persistence/Entities/BaseRecordFields.swift",
				"GmDaemon/Persistence/Entities/BotWorkflowRecords.swift",
				"GmDaemon/Persistence/Entities/BriefingRecord.swift",
				"GmDaemon/Persistence/Entities/ClarificationRecords.swift",
				"GmDaemon/Persistence/Entities/ConfigRecord.swift",
				"GmDaemon/Persistence/Entities/DiagramDopeRecords.swift",
				"GmDaemon/Persistence/Entities/DiagramDrawingRecords.swift",
				"GmDaemon/Persistence/Entities/DiagramRecords.swift",
				"GmDaemon/Persistence/Entities/DopeCogRecords.swift",
				"GmDaemon/Persistence/Entities/DopePersistenceRecords.swift",
				"GmDaemon/Persistence/Entities/DopeProvenanceRecord.swift",
				"GmDaemon/Persistence/Entities/DopeScopeRecord.swift",
				"GmDaemon/Persistence/Entities/EventRecord.swift",
				"GmDaemon/Persistence/Entities/ExplorationRecords.swift",
				"GmDaemon/Persistence/Entities/FileChangeRecords.swift",
				"GmDaemon/Persistence/Entities/InstanceRecord.swift",
				"GmDaemon/Persistence/Entities/KbiteRecords.swift",
				"GmDaemon/Persistence/Entities/KbiteResourceRecords.swift",
				"GmDaemon/Persistence/Entities/ProjectRecord.swift",
				"GmDaemon/Persistence/Entities/PromptRecords.swift",
				"GmDaemon/Persistence/Entities/ReviewRecords.swift",
				"GmDaemon/Persistence/Entities/SessionRecords.swift",
				"GmDaemon/Persistence/Entities/TestRunRecords.swift",
				"GmDaemon/Persistence/Migrations/Migrations.swift",
				"GmDaemon/Persistence/Migrations/m0001_baseSchema.swift",
				"GmDaemon/Persistence/Migrations/m0002_clarificationArchitectureLifecycleV2.swift",
				"GmDaemon/Persistence/Migrations/m0003_searchIndexes.swift",
				"GmDaemon/Persistence/Migrations/m0004_explorationReviewReports.swift",
				"GmDaemon/Persistence/Migrations/m0005_purgeLegacyConcepts.swift",
				"GmDaemon/Persistence/Migrations/m0006_dropDraftPlaceholderSummaries.swift",
				"GmDaemon/Persistence/Migrations/m0007_dopeDomainModel.swift",
				"GmDaemon/Persistence/Migrations/m0008_dopeBaseComposableEntities.swift",
				"GmDaemon/Persistence/Migrations/m0009_dopePropertyBaseOrigin.swift",
				"GmDaemon/Persistence/Migrations/m0010_diagramDomainModel.swift",
				"GmDaemon/Persistence/Migrations/m0011_projectPrimaryBranch.swift",
				"GmDaemon/Persistence/Migrations/m0012_dopePersistenceRenameAndSoftDelete.swift",
				"GmDaemon/Persistence/Migrations/m0013_dopeScopeTierLadder.swift",
				"GmDaemon/Persistence/Migrations/m0014_dopeCogElement.swift",
				"GmDaemon/Persistence/Migrations/m0015_dopeSearchIndexes.swift",
				"GmDaemon/Persistence/Migrations/m0016_diagramDopeScopeBinding.swift",
				"GmDaemon/Persistence/Migrations/m0017_relationshipTargetAndDropMaskKind.swift",
				"GmDaemon/Persistence/Migrations/m0018_diagramDopeScopePersistenceLayer.swift",
				"GmDaemon/Persistence/Migrations/m0019_cogHullsAndPersistenceOwner.swift",
				"GmDaemon/Persistence/Migrations/m0020_dopeElementProvenance.swift",
				"GmDaemon/Persistence/Migrations/m0021_diagramVocabularyAndTierCollapse.swift",
				"GmDaemon/Persistence/Migrations/m0022_promptQualifiedDiagram.swift",
				"GmDaemon/Persistence/Migrations/m0023_agentBriefing.swift",
				"GmDaemon/Persistence/Migrations/m0024_diagramStudio.swift",
				"GmDaemon/Persistence/Migrations/m0025_dynamicWorkflows.swift",
				"GmDaemon/Persistence/Migrations/m0026_claudeSessionAttribution.swift",
				"GmDaemon/Persistence/Migrations/m0027_ckfsToGmfs.swift",
				"GmDaemon/Persistence/Migrations/m0028_promptLifecycleCollapse.swift",
				"GmDaemon/Persistence/Migrations/m0029_testRunLock.swift",
				"GmDaemon/Persistence/Migrations/m0030_retiredRootConfigValues.swift",
				"GmDaemon/Persistence/Store/Repositories/AgentRegistrationRepository.swift",
				"GmDaemon/Persistence/Store/Repositories/ArchitectureRepository.swift",
				"GmDaemon/Persistence/Store/Repositories/ArtifactRepository.swift",
				"GmDaemon/Persistence/Store/Repositories/BotWorkflowRepository.swift",
				"GmDaemon/Persistence/Store/Repositories/BriefingRepository.swift",
				"GmDaemon/Persistence/Store/Repositories/CatalogSearchRepository.swift",
				"GmDaemon/Persistence/Store/Repositories/ClarificationRepository.swift",
				"GmDaemon/Persistence/Store/Repositories/ClaudeSessionBindingRepository.swift",
				"GmDaemon/Persistence/Store/Repositories/ConfigRepository.swift",
				"GmDaemon/Persistence/Store/Repositories/ContextRepository.swift",
				"GmDaemon/Persistence/Store/Repositories/DiagramRepository.swift",
				"GmDaemon/Persistence/Store/Repositories/DiagramStudioRepository.swift",
				"GmDaemon/Persistence/Store/Repositories/DopeCogRepository.swift",
				"GmDaemon/Persistence/Store/Repositories/DopePromoteRepository.swift",
				"GmDaemon/Persistence/Store/Repositories/DopeProvenanceRepository.swift",
				"GmDaemon/Persistence/Store/Repositories/DopeRepository.swift",
				"GmDaemon/Persistence/Store/Repositories/DopeSearchRepository.swift",
				"GmDaemon/Persistence/Store/Repositories/EventRepository.swift",
				"GmDaemon/Persistence/Store/Repositories/ExplorationRepository.swift",
				"GmDaemon/Persistence/Store/Repositories/FileChangeRepository.swift",
				"GmDaemon/Persistence/Store/Repositories/FindingRankRepository.swift",
				"GmDaemon/Persistence/Store/Repositories/GitStateRepository.swift",
				"GmDaemon/Persistence/Store/Repositories/KbiteArchiveRepository.swift",
				"GmDaemon/Persistence/Store/Repositories/KbiteRepository.swift",
				"GmDaemon/Persistence/Store/Repositories/KbiteResourceRepository.swift",
				"GmDaemon/Persistence/Store/Repositories/ListingRepository.swift",
				"GmDaemon/Persistence/Store/Repositories/ProjectRepository.swift",
				"GmDaemon/Persistence/Store/Repositories/PromptDiagramRepository.swift",
				"GmDaemon/Persistence/Store/Repositories/PromptRepository.swift",
				"GmDaemon/Persistence/Store/Repositories/RepositoryContext.swift",
				"GmDaemon/Persistence/Store/Repositories/ReviewRepository.swift",
				"GmDaemon/Persistence/Store/Repositories/SearchRepository.swift",
				"GmDaemon/Persistence/Store/Repositories/SessionRepository.swift",
				"GmDaemon/Persistence/Store/Repositories/TestRunRepository.swift",
				"GmDaemon/Persistence/Store/Store+AgentRegistration.swift",
				"GmDaemon/Persistence/Store/Store+Architecture.swift",
				"GmDaemon/Persistence/Store/Store+Artifact.swift",
				"GmDaemon/Persistence/Store/Store+Backup.swift",
				"GmDaemon/Persistence/Store/Store+BotWorkflow.swift",
				"GmDaemon/Persistence/Store/Store+Briefing.swift",
				"GmDaemon/Persistence/Store/Store+CatalogSearch.swift",
				"GmDaemon/Persistence/Store/Store+Clarification.swift",
				"GmDaemon/Persistence/Store/Store+Config.swift",
				"GmDaemon/Persistence/Store/Store+Context.swift",
				"GmDaemon/Persistence/Store/Store+Diagram.swift",
				"GmDaemon/Persistence/Store/Store+DiagramRepoVerbs.swift",
				"GmDaemon/Persistence/Store/Store+DiagramStudio.swift",
				"GmDaemon/Persistence/Store/Store+Dope.swift",
				"GmDaemon/Persistence/Store/Store+DopeCog.swift",
				"GmDaemon/Persistence/Store/Store+DopePromote.swift",
				"GmDaemon/Persistence/Store/Store+DopeProvenance.swift",
				"GmDaemon/Persistence/Store/Store+DopeRepoVerbs.swift",
				"GmDaemon/Persistence/Store/Store+DopeSearch.swift",
				"GmDaemon/Persistence/Store/Store+Event.swift",
				"GmDaemon/Persistence/Store/Store+Exploration.swift",
				"GmDaemon/Persistence/Store/Store+FileChange.swift",
				"GmDaemon/Persistence/Store/Store+GitState.swift",
				"GmDaemon/Persistence/Store/Store+Kbite.swift",
				"GmDaemon/Persistence/Store/Store+KbiteArchive.swift",
				"GmDaemon/Persistence/Store/Store+KbiteResource.swift",
				"GmDaemon/Persistence/Store/Store+Listing.swift",
				"GmDaemon/Persistence/Store/Store+Project.swift",
				"GmDaemon/Persistence/Store/Store+Prompt.swift",
				"GmDaemon/Persistence/Store/Store+PromptDiagram.swift",
				"GmDaemon/Persistence/Store/Store+Review.swift",
				"GmDaemon/Persistence/Store/Store+Search.swift",
				"GmDaemon/Persistence/Store/Store+Session.swift",
				"GmDaemon/Persistence/Store/Store+TestRun.swift",
				"GmDaemon/Persistence/Store/Store.swift",
				"GmDaemon/Persistence/Store/StoreBoundary.swift",
				"GmDaemon/Persistence/Store/StoreCore.swift",
				"GmDaemon/WorkflowGates.swift",
				"GmDaemonSdk/Client/BriefingWait.swift",
				"GmDaemonSdk/Client/ClientContext.swift",
				"GmDaemonSdk/Client/DaemonClient+API.swift",
				"GmDaemonSdk/Client/DaemonClient.swift",
				"GmDaemonSdk/Client/DaemonEventSubscription.swift",
				"GmDaemonSdk/Client/GmVerbCaller.swift",
				"GmDaemonSdk/Client/PromptResolver.swift",
				"GmDaemonSdk/Diagram/DiagramContainment.swift",
				"GmDaemonSdk/Diagram/DiagramDocument.swift",
				"GmDaemonSdk/Diagram/DiagramLevel.swift",
				"GmDaemonSdk/Diagram/DiagramMutation.swift",
				"GmDaemonSdk/Diagram/DiagramPayload.swift",
				"GmDaemonSdk/Diagram/DiagramStorage.swift",
				"GmDaemonSdk/Diagram/DiagramStrokeCodec.swift",
				"GmDaemonSdk/Diagram/DiagramTree.swift",
				"GmDaemonSdk/Diagram/DiagramTreeReducer.swift",
				"GmDaemonSdk/Dope/DopeBootSync.swift",
				"GmDaemonSdk/Dope/DopeCode.swift",
				"GmDaemonSdk/Dope/DopeCogDocument.swift",
				"GmDaemonSdk/Dope/DopeCogElement.swift",
				"GmDaemonSdk/Dope/DopeCogProjection.swift",
				"GmDaemonSdk/Dope/DopeDocument.swift",
				"GmDaemonSdk/Dope/DopeLevel.swift",
				"GmDaemonSdk/Dope/DopeMerge.swift",
				"GmDaemonSdk/Dope/DopeOverlay.swift",
				"GmDaemonSdk/Dope/DopeProjection.swift",
				"GmDaemonSdk/Dope/DopePromotion.swift",
				"GmDaemonSdk/Dope/DopeRepoSandbox.swift",
				"GmDaemonSdk/Dope/DopeTree.swift",
				"GmDaemonSdk/Dope/DopeValidator.swift",
				"GmDaemonSdk/Dope/DopeVocabulary.swift",
				"GmDaemonSdk/Environment/GmEnvironment.swift",
				"GmDaemonSdk/GitHead.swift",
				"GmDaemonSdk/Hook/HookLogic.swift",
				"GmDaemonSdk/Hook/HookRunner.swift",
				"GmDaemonSdk/InstanceIdentity.swift",
				"GmDaemonSdk/Kbite/KbiteArchive.swift",
				"GmDaemonSdk/Paths.swift",
				"GmDaemonSdk/Protocol/CdePaging.swift",
				"GmDaemonSdk/Protocol/CdeSheet.swift",
				"GmDaemonSdk/Protocol/Envelope.swift",
				"GmDaemonSdk/Protocol/GmJsonValue.swift",
				"GmDaemonSdk/Protocol/Messages.swift",
				"GmDaemonSdk/Protocol/Rows.swift",
				"GmDaemonSdk/Protocol/VerbLedger.swift",
				"GmDaemonSdk/Protocol/VerbRegistry.swift",
				"GmDaemonSdk/Protocol/WireCodec.swift",
				"GmDaemonSdk/Protocol/WorkflowSpec.swift",
				"GmDaemonSdk/RepoRelativePath.swift",
				"GmDaemonSdk/StoreError.swift",
				"GmDaemonSdk/StructuredPatch.swift",
			);
			target = A17E00102FDCB00000DAF751 /* GmKernelTests */;
		};
/* End PBXFileSystemSynchronizedBuildFileExceptionSet section */

/* Begin PBXFileSystemSynchronizedRootGroup section */
		1B4010752FDCA09200DAF751 /* gmVibes */ = {
			isa = PBXFileSystemSynchronizedRootGroup;
			path = gmVibes;
			sourceTree = "<group>";
		};
		A17E00012FDCB00000DAF751 /* Sources */ = {
			isa = PBXFileSystemSynchronizedRootGroup;
			exceptions = (
				A17E00022FDCB00000DAF751 /* Exceptions for "Sources" folder in "GmKernelTests" target */,
			);
			path = Sources;
			sourceTree = "<group>";
		};
		A17E00152FDCB00000DAF751 /* GmKernelTests */ = {
			isa = PBXFileSystemSynchronizedRootGroup;
			name = GmKernelTests;
			path = Tests/GmKernelTests;
			sourceTree = "<group>";
		};
/* End PBXFileSystemSynchronizedRootGroup section */

/* Begin PBXFrameworksBuildPhase section */
		1B4010702FDCA09200DAF751 /* Frameworks */ = {
			isa = PBXFrameworksBuildPhase;
			buildActionMask = 2147483647;
			files = (
				A17E000C2FDCB00000DAF751 /* GRDB in Frameworks */,
				A17E000D2FDCB00000DAF751 /* SwiftProtobuf in Frameworks */,
				A17E000E2FDCB00000DAF751 /* ClaudeForFoundationModels in Frameworks */,
			);
			runOnlyForDeploymentPostprocessing = 0;
		};
		A17E00132FDCB00000DAF751 /* Frameworks */ = {
			isa = PBXFrameworksBuildPhase;
			buildActionMask = 2147483647;
			files = (
				A17E00172FDCB00000DAF751 /* GRDB in Frameworks */,
			);
			runOnlyForDeploymentPostprocessing = 0;
		};
/* End PBXFrameworksBuildPhase section */

/* Begin PBXGroup section */
		1B40106A2FDCA09200DAF751 = {
			isa = PBXGroup;
			children = (
				A17E00012FDCB00000DAF751 /* Sources */,
				A17E00152FDCB00000DAF751 /* GmKernelTests */,
				1B4010752FDCA09200DAF751 /* gmVibes */,
				A17E00032FDCB00000DAF751 /* VERSION */,
				1B4010742FDCA09200DAF751 /* Products */,
			);
			sourceTree = "<group>";
		};
		1B4010742FDCA09200DAF751 /* Products */ = {
			isa = PBXGroup;
			children = (
				1B4010732FDCA09200DAF751 /* gm_kernel.app */,
				A17E00112FDCB00000DAF751 /* GmKernelTests.xctest */,
			);
			name = Products;
			sourceTree = "<group>";
		};
/* End PBXGroup section */

/* Begin PBXNativeTarget section */
		1B4010722FDCA09200DAF751 /* gm_kernel */ = {
			isa = PBXNativeTarget;
			buildConfigurationList = 1B4010962FDCA09300DAF751 /* Build configuration list for PBXNativeTarget "gm_kernel" */;
			buildPhases = (
				1B40106F2FDCA09200DAF751 /* Sources */,
				1B4010702FDCA09200DAF751 /* Frameworks */,
				1B4010712FDCA09200DAF751 /* Resources */,
			);
			buildRules = (
				A17E00052FDCB00000DAF751 /* PBXBuildRule */,
			);
			dependencies = (
			);
			fileSystemSynchronizedGroups = (
				A17E00012FDCB00000DAF751 /* Sources */,
				1B4010752FDCA09200DAF751 /* gmVibes */,
			);
			name = gm_kernel;
			packageProductDependencies = (
				A17E00092FDCB00000DAF751 /* GRDB */,
				A17E000A2FDCB00000DAF751 /* SwiftProtobuf */,
				A17E000B2FDCB00000DAF751 /* ClaudeForFoundationModels */,
			);
			productName = gm_kernel;
			productReference = 1B4010732FDCA09200DAF751 /* gm_kernel.app */;
			productType = "com.apple.product-type.application";
		};
		A17E00102FDCB00000DAF751 /* GmKernelTests */ = {
			isa = PBXNativeTarget;
			buildConfigurationList = A17E00182FDCB00000DAF751 /* Build configuration list for PBXNativeTarget "GmKernelTests" */;
			buildPhases = (
				A17E00122FDCB00000DAF751 /* Sources */,
				A17E00132FDCB00000DAF751 /* Frameworks */,
				A17E00142FDCB00000DAF751 /* Resources */,
			);
			buildRules = (
			);
			dependencies = (
				A17E001D2FDCB00000DAF751 /* PBXTargetDependency */,
			);
			fileSystemSynchronizedGroups = (
				A17E00152FDCB00000DAF751 /* GmKernelTests */,
			);
			name = GmKernelTests;
			packageProductDependencies = (
				A17E00162FDCB00000DAF751 /* GRDB */,
			);
			productName = GmKernelTests;
			productReference = A17E00112FDCB00000DAF751 /* GmKernelTests.xctest */;
			productType = "com.apple.product-type.bundle.unit-test";
		};
/* End PBXNativeTarget section */

/* Begin PBXProject section */
		1B40106B2FDCA09200DAF751 /* Project object */ = {
			isa = PBXProject;
			attributes = {
				BuildIndependentTargetsInParallel = 1;
				LastSwiftUpdateCheck = 2630;
				LastUpgradeCheck = 2630;
				TargetAttributes = {
					1B4010722FDCA09200DAF751 = {
						CreatedOnToolsVersion = 26.3;
					};
					A17E00102FDCB00000DAF751 = {
						CreatedOnToolsVersion = 27.0;
					};
				};
			};
			buildConfigurationList = 1B40106E2FDCA09200DAF751 /* Build configuration list for PBXProject "gmk" */;
			developmentRegion = en;
			hasScannedForEncodings = 0;
			knownRegions = (
				en,
				Base,
			);
			mainGroup = 1B40106A2FDCA09200DAF751;
			minimizedProjectReferenceProxies = 1;
			packageReferences = (
				A17E00062FDCB00000DAF751 /* XCRemoteSwiftPackageReference "GRDB.swift" */,
				A17E00072FDCB00000DAF751 /* XCRemoteSwiftPackageReference "swift-protobuf" */,
				A17E00082FDCB00000DAF751 /* XCLocalSwiftPackageReference "gmClaudeForFoundationModels" */,
			);
			preferredProjectObjectVersion = 77;
			productRefGroup = 1B4010742FDCA09200DAF751 /* Products */;
			projectDirPath = "";
			projectRoot = "";
			targets = (
				1B4010722FDCA09200DAF751 /* gm_kernel */,
				A17E00102FDCB00000DAF751 /* GmKernelTests */,
				1B4010F02FDCA09300DAF751 /* PluginBridge */,
				1B5EED002FDCA09300DAF751 /* TestEnvSeed */,
			);
		};
/* End PBXProject section */

/* Begin PBXResourcesBuildPhase section */
		1B4010712FDCA09200DAF751 /* Resources */ = {
			isa = PBXResourcesBuildPhase;
			buildActionMask = 2147483647;
			files = (
			);
			runOnlyForDeploymentPostprocessing = 0;
		};
		A17E00142FDCB00000DAF751 /* Resources */ = {
			isa = PBXResourcesBuildPhase;
			buildActionMask = 2147483647;
			files = (
			);
			runOnlyForDeploymentPostprocessing = 0;
		};
/* End PBXResourcesBuildPhase section */

/* Begin PBXShellScriptBuildPhase section */
		1B4010F12FDCA09300DAF751 /* Generate plugins/gmcc */ = {
			isa = PBXShellScriptBuildPhase;
			alwaysOutOfDate = 1;
			buildActionMask = 2147483647;
			files = (
			);
			inputPaths = (
			);
			name = "Generate plugins/gmcc";
			outputPaths = (
			);
			runOnlyForDeploymentPostprocessing = 0;
			shellPath = /bin/bash;
			shellScript = "exec /bin/bash \"${SRCROOT}/scripts/xcode_phase.sh\" bridge\n";
		};
		1B5EED012FDCA09300DAF751 /* Seed ~/test_gmfs */ = {
			isa = PBXShellScriptBuildPhase;
			alwaysOutOfDate = 1;
			buildActionMask = 2147483647;
			files = (
			);
			inputPaths = (
			);
			name = "Seed ~/test_gmfs";
			outputPaths = (
			);
			runOnlyForDeploymentPostprocessing = 0;
			shellPath = /bin/bash;
			shellScript = "exec /bin/bash \"${SRCROOT}/scripts/xcode_phase.sh\" seed\n";
		};
/* End PBXShellScriptBuildPhase section */

/* Begin PBXSourcesBuildPhase section */
		1B40106F2FDCA09200DAF751 /* Sources */ = {
			isa = PBXSourcesBuildPhase;
			buildActionMask = 2147483647;
			files = (
				A17E00042FDCB00000DAF751 /* VERSION in Sources */,
			);
			runOnlyForDeploymentPostprocessing = 0;
		};
		A17E00122FDCB00000DAF751 /* Sources */ = {
			isa = PBXSourcesBuildPhase;
			buildActionMask = 2147483647;
			files = (
			);
			runOnlyForDeploymentPostprocessing = 0;
		};
/* End PBXSourcesBuildPhase section */

/* Begin PBXTargetDependency section */
		A17E001D2FDCB00000DAF751 /* PBXTargetDependency */ = {
			isa = PBXTargetDependency;
			target = 1B4010722FDCA09200DAF751 /* gm_kernel */;
			targetProxy = A17E001C2FDCB00000DAF751 /* PBXContainerItemProxy */;
		};
		A17E001F2FDCB00000DAF751 /* PBXTargetDependency */ = {
			isa = PBXTargetDependency;
			target = 1B4010722FDCA09200DAF751 /* gm_kernel */;
			targetProxy = A17E001E2FDCB00000DAF751 /* PBXContainerItemProxy */;
		};
		A17E00212FDCB00000DAF751 /* PBXTargetDependency */ = {
			isa = PBXTargetDependency;
			target = 1B4010722FDCA09200DAF751 /* gm_kernel */;
			targetProxy = A17E00202FDCB00000DAF751 /* PBXContainerItemProxy */;
		};
/* End PBXTargetDependency section */

/* Begin XCBuildConfiguration section */
		1B4010942FDCA09300DAF751 /* Debug */ = {
			isa = XCBuildConfiguration;
			buildSettings = {
				ALWAYS_SEARCH_USER_PATHS = NO;
				ASSETCATALOG_COMPILER_GENERATE_SWIFT_ASSET_SYMBOL_EXTENSIONS = YES;
				CLANG_ANALYZER_NONNULL = YES;
				CLANG_ANALYZER_NUMBER_OBJECT_CONVERSION = YES_AGGRESSIVE;
				CLANG_CXX_LANGUAGE_STANDARD = "gnu++20";
				CLANG_ENABLE_MODULES = YES;
				CLANG_ENABLE_OBJC_ARC = YES;
				CLANG_ENABLE_OBJC_WEAK = YES;
				CLANG_WARN_BLOCK_CAPTURE_AUTORELEASING = YES;
				CLANG_WARN_BOOL_CONVERSION = YES;
				CLANG_WARN_COMMA = YES;
				CLANG_WARN_CONSTANT_CONVERSION = YES;
				CLANG_WARN_DEPRECATED_OBJC_IMPLEMENTATIONS = YES;
				CLANG_WARN_DIRECT_OBJC_ISA_USAGE = YES_ERROR;
				CLANG_WARN_DOCUMENTATION_COMMENTS = YES;
				CLANG_WARN_EMPTY_BODY = YES;
				CLANG_WARN_ENUM_CONVERSION = YES;
				CLANG_WARN_INFINITE_RECURSION = YES;
				CLANG_WARN_INT_CONVERSION = YES;
				CLANG_WARN_NON_LITERAL_NULL_CONVERSION = YES;
				CLANG_WARN_OBJC_IMPLICIT_RETAIN_SELF = YES;
				CLANG_WARN_OBJC_LITERAL_CONVERSION = YES;
				CLANG_WARN_OBJC_ROOT_CLASS = YES_ERROR;
				CLANG_WARN_QUOTED_INCLUDE_IN_FRAMEWORK_HEADER = YES;
				CLANG_WARN_RANGE_LOOP_ANALYSIS = YES;
				CLANG_WARN_STRICT_PROTOTYPES = YES;
				CLANG_WARN_SUSPICIOUS_MOVE = YES;
				CLANG_WARN_UNGUARDED_AVAILABILITY = YES_AGGRESSIVE;
				CLANG_WARN_UNREACHABLE_CODE = YES;
				CLANG_WARN__DUPLICATE_METHOD_MATCH = YES;
				COPY_PHASE_STRIP = NO;
				DEBUG_INFORMATION_FORMAT = dwarf;
				DEVELOPMENT_TEAM = 4VL4UGNPQQ;
				ENABLE_STRICT_OBJC_MSGSEND = YES;
				ENABLE_TESTABILITY = YES;
				ENABLE_USER_SCRIPT_SANDBOXING = YES;
				GCC_C_LANGUAGE_STANDARD = gnu17;
				GCC_DYNAMIC_NO_PIC = NO;
				GCC_NO_COMMON_BLOCKS = YES;
				GCC_OPTIMIZATION_LEVEL = 0;
				GCC_PREPROCESSOR_DEFINITIONS = (
					"DEBUG=1",
					"$(inherited)",
				);
				GCC_WARN_64_TO_32_BIT_CONVERSION = YES;
				GCC_WARN_ABOUT_RETURN_TYPE = YES_ERROR;
				GCC_WARN_UNDECLARED_SELECTOR = YES;
				GCC_WARN_UNINITIALIZED_AUTOS = YES_AGGRESSIVE;
				GCC_WARN_UNUSED_FUNCTION = YES;
				GCC_WARN_UNUSED_VARIABLE = YES;
				LOCALIZATION_PREFERS_STRING_CATALOGS = YES;
				MACOSX_DEPLOYMENT_TARGET = 27.0;
				MTL_ENABLE_DEBUG_INFO = INCLUDE_SOURCE;
				MTL_FAST_MATH = YES;
				ONLY_ACTIVE_ARCH = YES;
				SDKROOT = macosx;
				SWIFT_ACTIVE_COMPILATION_CONDITIONS = "DEBUG $(inherited)";
				SWIFT_DEFAULT_ACTOR_ISOLATION = nonisolated;
				SWIFT_OPTIMIZATION_LEVEL = "-Onone";
				SWIFT_STRICT_CONCURRENCY = complete;
				SWIFT_VERSION = 6.0;
			};
			name = Debug;
		};
		1B4010952FDCA09300DAF751 /* Release */ = {
			isa = XCBuildConfiguration;
			buildSettings = {
				ALWAYS_SEARCH_USER_PATHS = NO;
				ASSETCATALOG_COMPILER_GENERATE_SWIFT_ASSET_SYMBOL_EXTENSIONS = YES;
				CLANG_ANALYZER_NONNULL = YES;
				CLANG_ANALYZER_NUMBER_OBJECT_CONVERSION = YES_AGGRESSIVE;
				CLANG_CXX_LANGUAGE_STANDARD = "gnu++20";
				CLANG_ENABLE_MODULES = YES;
				CLANG_ENABLE_OBJC_ARC = YES;
				CLANG_ENABLE_OBJC_WEAK = YES;
				CLANG_WARN_BLOCK_CAPTURE_AUTORELEASING = YES;
				CLANG_WARN_BOOL_CONVERSION = YES;
				CLANG_WARN_COMMA = YES;
				CLANG_WARN_CONSTANT_CONVERSION = YES;
				CLANG_WARN_DEPRECATED_OBJC_IMPLEMENTATIONS = YES;
				CLANG_WARN_DIRECT_OBJC_ISA_USAGE = YES_ERROR;
				CLANG_WARN_DOCUMENTATION_COMMENTS = YES;
				CLANG_WARN_EMPTY_BODY = YES;
				CLANG_WARN_ENUM_CONVERSION = YES;
				CLANG_WARN_INFINITE_RECURSION = YES;
				CLANG_WARN_INT_CONVERSION = YES;
				CLANG_WARN_NON_LITERAL_NULL_CONVERSION = YES;
				CLANG_WARN_OBJC_IMPLICIT_RETAIN_SELF = YES;
				CLANG_WARN_OBJC_LITERAL_CONVERSION = YES;
				CLANG_WARN_OBJC_ROOT_CLASS = YES_ERROR;
				CLANG_WARN_QUOTED_INCLUDE_IN_FRAMEWORK_HEADER = YES;
				CLANG_WARN_RANGE_LOOP_ANALYSIS = YES;
				CLANG_WARN_STRICT_PROTOTYPES = YES;
				CLANG_WARN_SUSPICIOUS_MOVE = YES;
				CLANG_WARN_UNGUARDED_AVAILABILITY = YES_AGGRESSIVE;
				CLANG_WARN_UNREACHABLE_CODE = YES;
				CLANG_WARN__DUPLICATE_METHOD_MATCH = YES;
				COPY_PHASE_STRIP = NO;
				DEBUG_INFORMATION_FORMAT = "dwarf-with-dsym";
				DEVELOPMENT_TEAM = 4VL4UGNPQQ;
				ENABLE_NS_ASSERTIONS = NO;
				ENABLE_STRICT_OBJC_MSGSEND = YES;
				ENABLE_USER_SCRIPT_SANDBOXING = YES;
				GCC_C_LANGUAGE_STANDARD = gnu17;
				GCC_NO_COMMON_BLOCKS = YES;
				GCC_WARN_64_TO_32_BIT_CONVERSION = YES;
				GCC_WARN_ABOUT_RETURN_TYPE = YES_ERROR;
				GCC_WARN_UNDECLARED_SELECTOR = YES;
				GCC_WARN_UNINITIALIZED_AUTOS = YES_AGGRESSIVE;
				GCC_WARN_UNUSED_FUNCTION = YES;
				GCC_WARN_UNUSED_VARIABLE = YES;
				LOCALIZATION_PREFERS_STRING_CATALOGS = YES;
				MACOSX_DEPLOYMENT_TARGET = 27.0;
				MTL_ENABLE_DEBUG_INFO = NO;
				MTL_FAST_MATH = YES;
				SDKROOT = macosx;
				SWIFT_COMPILATION_MODE = wholemodule;
				SWIFT_DEFAULT_ACTOR_ISOLATION = nonisolated;
				SWIFT_STRICT_CONCURRENCY = complete;
				SWIFT_VERSION = 6.0;
			};
			name = Release;
		};
		1B4010972FDCA09300DAF751 /* Debug */ = {
			isa = XCBuildConfiguration;
			buildSettings = {
				ASSETCATALOG_COMPILER_APPICON_NAME = AppIcon;
				ASSETCATALOG_COMPILER_GLOBAL_ACCENT_COLOR_NAME = AccentColor;
				CODE_SIGN_IDENTITY = "Apple Development";
				"CODE_SIGN_IDENTITY[sdk=macosx*]" = "Apple Development";
				CODE_SIGN_STYLE = Manual;
				COMBINE_HIDPI_IMAGES = YES;
				CURRENT_PROJECT_VERSION = 8;
				DEVELOPMENT_TEAM = "";
				"DEVELOPMENT_TEAM[sdk=macosx*]" = 4VL4UGNPQQ;
				ENABLE_APP_SANDBOX = NO;
				ENABLE_DEBUG_DYLIB = NO;
				ENABLE_HARDENED_RUNTIME = NO;
				ENABLE_PREVIEWS = YES;
				ENABLE_USER_SELECTED_FILES = readonly;
				GENERATE_INFOPLIST_FILE = YES;
				GM_BUNDLE_SUFFIX = .test;
				GM_DEV_PLUGIN_DIR = "$(SRCROOT)/../plugins/gmbeta";
				GM_ENV = test;
				GM_FS_ROOT_BAKED = "~/test_gmfs";
				INFOPLIST_FILE = gmVibes/Info.plist;
				INFOPLIST_KEY_LSUIElement = YES;
				INFOPLIST_KEY_NSAppleEventsUsageDescription = "gm_kernel opens iTerm2 windows for your prompts and asks iTerm2 for an API cookie.";
				INFOPLIST_KEY_NSHumanReadableCopyright = "";
				LD_RUNPATH_SEARCH_PATHS = (
					"$(inherited)",
					"@executable_path/../Frameworks",
				);
				MARKETING_VERSION = 3.9;
				PRODUCT_BUNDLE_IDENTIFIER = "rube.GMVibes$(GM_BUNDLE_SUFFIX)";
				PRODUCT_NAME = gm_kernel;
				PROVISIONING_PROFILE_SPECIFIER = "";
				REGISTER_APP_GROUPS = YES;
				STRING_CATALOG_GENERATE_SYMBOLS = YES;
				SWIFT_EMIT_LOC_STRINGS = YES;
				SWIFT_UPCOMING_FEATURE_MEMBER_IMPORT_VISIBILITY = YES;
			};
			name = Debug;
		};
		1B4010982FDCA09300DAF751 /* Release */ = {
			isa = XCBuildConfiguration;
			buildSettings = {
				ASSETCATALOG_COMPILER_APPICON_NAME = AppIcon;
				ASSETCATALOG_COMPILER_GLOBAL_ACCENT_COLOR_NAME = AccentColor;
				CODE_SIGN_IDENTITY = "Apple Development";
				"CODE_SIGN_IDENTITY[sdk=macosx*]" = "Apple Development";
				CODE_SIGN_STYLE = Manual;
				COMBINE_HIDPI_IMAGES = YES;
				CURRENT_PROJECT_VERSION = 8;
				DEVELOPMENT_TEAM = "";
				"DEVELOPMENT_TEAM[sdk=macosx*]" = 4VL4UGNPQQ;
				ENABLE_APP_SANDBOX = NO;
				ENABLE_HARDENED_RUNTIME = NO;
				ENABLE_PREVIEWS = YES;
				ENABLE_USER_SELECTED_FILES = readonly;
				GENERATE_INFOPLIST_FILE = YES;
				GM_BUNDLE_SUFFIX = "";
				GM_ENV = prod;
				GM_FS_ROOT_BAKED = "~/gmfs";
				INFOPLIST_FILE = gmVibes/Info.plist;
				INFOPLIST_KEY_LSUIElement = YES;
				INFOPLIST_KEY_NSAppleEventsUsageDescription = "gm_kernel opens iTerm2 windows for your prompts and asks iTerm2 for an API cookie.";
				INFOPLIST_KEY_NSHumanReadableCopyright = "";
				LD_RUNPATH_SEARCH_PATHS = (
					"$(inherited)",
					"@executable_path/../Frameworks",
				);
				MARKETING_VERSION = 3.9;
				PRODUCT_BUNDLE_IDENTIFIER = "rube.GMVibes$(GM_BUNDLE_SUFFIX)";
				PRODUCT_NAME = gm_kernel;
				PROVISIONING_PROFILE_SPECIFIER = "";
				REGISTER_APP_GROUPS = YES;
				STRING_CATALOG_GENERATE_SYMBOLS = YES;
				SWIFT_EMIT_LOC_STRINGS = YES;
				SWIFT_UPCOMING_FEATURE_MEMBER_IMPORT_VISIBILITY = YES;
			};
			name = Release;
		};
		1B4010B92FDCA09300DAF751 /* Beta */ = {
			isa = XCBuildConfiguration;
			buildSettings = {
				ALWAYS_SEARCH_USER_PATHS = NO;
				ASSETCATALOG_COMPILER_GENERATE_SWIFT_ASSET_SYMBOL_EXTENSIONS = YES;
				CLANG_ANALYZER_NONNULL = YES;
				CLANG_ANALYZER_NUMBER_OBJECT_CONVERSION = YES_AGGRESSIVE;
				CLANG_CXX_LANGUAGE_STANDARD = "gnu++20";
				CLANG_ENABLE_MODULES = YES;
				CLANG_ENABLE_OBJC_ARC = YES;
				CLANG_ENABLE_OBJC_WEAK = YES;
				CLANG_WARN_BLOCK_CAPTURE_AUTORELEASING = YES;
				CLANG_WARN_BOOL_CONVERSION = YES;
				CLANG_WARN_COMMA = YES;
				CLANG_WARN_CONSTANT_CONVERSION = YES;
				CLANG_WARN_DEPRECATED_OBJC_IMPLEMENTATIONS = YES;
				CLANG_WARN_DIRECT_OBJC_ISA_USAGE = YES_ERROR;
				CLANG_WARN_DOCUMENTATION_COMMENTS = YES;
				CLANG_WARN_EMPTY_BODY = YES;
				CLANG_WARN_ENUM_CONVERSION = YES;
				CLANG_WARN_INFINITE_RECURSION = YES;
				CLANG_WARN_INT_CONVERSION = YES;
				CLANG_WARN_NON_LITERAL_NULL_CONVERSION = YES;
				CLANG_WARN_OBJC_IMPLICIT_RETAIN_SELF = YES;
				CLANG_WARN_OBJC_LITERAL_CONVERSION = YES;
				CLANG_WARN_OBJC_ROOT_CLASS = YES_ERROR;
				CLANG_WARN_QUOTED_INCLUDE_IN_FRAMEWORK_HEADER = YES;
				CLANG_WARN_RANGE_LOOP_ANALYSIS = YES;
				CLANG_WARN_STRICT_PROTOTYPES = YES;
				CLANG_WARN_SUSPICIOUS_MOVE = YES;
				CLANG_WARN_UNGUARDED_AVAILABILITY = YES_AGGRESSIVE;
				CLANG_WARN_UNREACHABLE_CODE = YES;
				CLANG_WARN__DUPLICATE_METHOD_MATCH = YES;
				COPY_PHASE_STRIP = NO;
				DEBUG_INFORMATION_FORMAT = "dwarf-with-dsym";
				DEVELOPMENT_TEAM = 4VL4UGNPQQ;
				ENABLE_NS_ASSERTIONS = NO;
				ENABLE_STRICT_OBJC_MSGSEND = YES;
				ENABLE_USER_SCRIPT_SANDBOXING = YES;
				GCC_C_LANGUAGE_STANDARD = gnu17;
				GCC_NO_COMMON_BLOCKS = YES;
				GCC_WARN_64_TO_32_BIT_CONVERSION = YES;
				GCC_WARN_ABOUT_RETURN_TYPE = YES_ERROR;
				GCC_WARN_UNDECLARED_SELECTOR = YES;
				GCC_WARN_UNINITIALIZED_AUTOS = YES_AGGRESSIVE;
				GCC_WARN_UNUSED_FUNCTION = YES;
				GCC_WARN_UNUSED_VARIABLE = YES;
				LOCALIZATION_PREFERS_STRING_CATALOGS = YES;
				MACOSX_DEPLOYMENT_TARGET = 27.0;
				MTL_ENABLE_DEBUG_INFO = NO;
				MTL_FAST_MATH = YES;
				SDKROOT = macosx;
				SWIFT_COMPILATION_MODE = wholemodule;
				SWIFT_DEFAULT_ACTOR_ISOLATION = nonisolated;
				SWIFT_STRICT_CONCURRENCY = complete;
				SWIFT_VERSION = 6.0;
			};
			name = Beta;
		};
		1B4010BA2FDCA09300DAF751 /* Beta */ = {
			isa = XCBuildConfiguration;
			buildSettings = {
				ASSETCATALOG_COMPILER_APPICON_NAME = AppIcon;
				ASSETCATALOG_COMPILER_GLOBAL_ACCENT_COLOR_NAME = AccentColor;
				CODE_SIGN_IDENTITY = "Apple Development";
				"CODE_SIGN_IDENTITY[sdk=macosx*]" = "Apple Development";
				CODE_SIGN_STYLE = Manual;
				COMBINE_HIDPI_IMAGES = YES;
				CURRENT_PROJECT_VERSION = 8;
				DEVELOPMENT_TEAM = "";
				"DEVELOPMENT_TEAM[sdk=macosx*]" = 4VL4UGNPQQ;
				ENABLE_APP_SANDBOX = NO;
				ENABLE_HARDENED_RUNTIME = NO;
				ENABLE_PREVIEWS = YES;
				ENABLE_USER_SELECTED_FILES = readonly;
				GENERATE_INFOPLIST_FILE = YES;
				GM_BUNDLE_SUFFIX = .beta;
				GM_DEV_PLUGIN_DIR = "$(SRCROOT)/../plugins/gmbeta";
				GM_ENV = beta;
				GM_FS_ROOT_BAKED = "~/beta_gmfs";
				INFOPLIST_FILE = gmVibes/Info.plist;
				INFOPLIST_KEY_LSUIElement = YES;
				INFOPLIST_KEY_NSAppleEventsUsageDescription = "gm_kernel opens iTerm2 windows for your prompts and asks iTerm2 for an API cookie.";
				INFOPLIST_KEY_NSHumanReadableCopyright = "";
				LD_RUNPATH_SEARCH_PATHS = (
					"$(inherited)",
					"@executable_path/../Frameworks",
				);
				MARKETING_VERSION = 3.9;
				PRODUCT_BUNDLE_IDENTIFIER = "rube.GMVibes$(GM_BUNDLE_SUFFIX)";
				PRODUCT_NAME = gm_kernel;
				PROVISIONING_PROFILE_SPECIFIER = "";
				REGISTER_APP_GROUPS = YES;
				STRING_CATALOG_GENERATE_SYMBOLS = YES;
				SWIFT_EMIT_LOC_STRINGS = YES;
				SWIFT_UPCOMING_FEATURE_MEMBER_IMPORT_VISIBILITY = YES;
			};
			name = Beta;
		};
		1B4010F32FDCA09300DAF751 /* Debug */ = {
			isa = XCBuildConfiguration;
			buildSettings = {
				CODE_SIGNING_ALLOWED = NO;
				ENABLE_USER_SCRIPT_SANDBOXING = NO;
				PRODUCT_NAME = "$(TARGET_NAME)";
			};
			name = Debug;
		};
		1B4010F42FDCA09300DAF751 /* Beta */ = {
			isa = XCBuildConfiguration;
			buildSettings = {
				CODE_SIGNING_ALLOWED = NO;
				ENABLE_USER_SCRIPT_SANDBOXING = NO;
				PRODUCT_NAME = "$(TARGET_NAME)";
			};
			name = Beta;
		};
		1B4010F52FDCA09300DAF751 /* Release */ = {
			isa = XCBuildConfiguration;
			buildSettings = {
				CODE_SIGNING_ALLOWED = NO;
				ENABLE_USER_SCRIPT_SANDBOXING = NO;
				PRODUCT_NAME = "$(TARGET_NAME)";
			};
			name = Release;
		};
		1B5EED032FDCA09300DAF751 /* Debug */ = {
			isa = XCBuildConfiguration;
			buildSettings = {
				CODE_SIGNING_ALLOWED = NO;
				ENABLE_USER_SCRIPT_SANDBOXING = NO;
				PRODUCT_NAME = "$(TARGET_NAME)";
			};
			name = Debug;
		};
		1B5EED042FDCA09300DAF751 /* Beta */ = {
			isa = XCBuildConfiguration;
			buildSettings = {
				CODE_SIGNING_ALLOWED = NO;
				ENABLE_USER_SCRIPT_SANDBOXING = NO;
				PRODUCT_NAME = "$(TARGET_NAME)";
			};
			name = Beta;
		};
		1B5EED052FDCA09300DAF751 /* Release */ = {
			isa = XCBuildConfiguration;
			buildSettings = {
				CODE_SIGNING_ALLOWED = NO;
				ENABLE_USER_SCRIPT_SANDBOXING = NO;
				PRODUCT_NAME = "$(TARGET_NAME)";
			};
			name = Release;
		};
		A17E00192FDCB00000DAF751 /* Debug */ = {
			isa = XCBuildConfiguration;
			buildSettings = {
				CODE_SIGN_STYLE = Automatic;
				DEVELOPMENT_TEAM = 4VL4UGNPQQ;
				GENERATE_INFOPLIST_FILE = YES;
				PRODUCT_BUNDLE_IDENTIFIER = "rube.gm-kernel.tests";
				PRODUCT_NAME = "$(TARGET_NAME)";
				SWIFT_EMIT_LOC_STRINGS = NO;
			};
			name = Debug;
		};
		A17E001A2FDCB00000DAF751 /* Beta */ = {
			isa = XCBuildConfiguration;
			buildSettings = {
				CODE_SIGN_STYLE = Automatic;
				DEVELOPMENT_TEAM = 4VL4UGNPQQ;
				GENERATE_INFOPLIST_FILE = YES;
				PRODUCT_BUNDLE_IDENTIFIER = "rube.gm-kernel.tests";
				PRODUCT_NAME = "$(TARGET_NAME)";
				SWIFT_EMIT_LOC_STRINGS = NO;
			};
			name = Beta;
		};
		A17E001B2FDCB00000DAF751 /* Release */ = {
			isa = XCBuildConfiguration;
			buildSettings = {
				CODE_SIGN_STYLE = Automatic;
				DEVELOPMENT_TEAM = 4VL4UGNPQQ;
				GENERATE_INFOPLIST_FILE = YES;
				PRODUCT_BUNDLE_IDENTIFIER = "rube.gm-kernel.tests";
				PRODUCT_NAME = "$(TARGET_NAME)";
				SWIFT_EMIT_LOC_STRINGS = NO;
			};
			name = Release;
		};
/* End XCBuildConfiguration section */

/* Begin XCConfigurationList section */
		1B40106E2FDCA09200DAF751 /* Build configuration list for PBXProject "gmk" */ = {
			isa = XCConfigurationList;
			buildConfigurations = (
				1B4010942FDCA09300DAF751 /* Debug */,
				1B4010B92FDCA09300DAF751 /* Beta */,
				1B4010952FDCA09300DAF751 /* Release */,
			);
			defaultConfigurationIsVisible = 0;
			defaultConfigurationName = Release;
		};
		1B4010962FDCA09300DAF751 /* Build configuration list for PBXNativeTarget "gm_kernel" */ = {
			isa = XCConfigurationList;
			buildConfigurations = (
				1B4010972FDCA09300DAF751 /* Debug */,
				1B4010BA2FDCA09300DAF751 /* Beta */,
				1B4010982FDCA09300DAF751 /* Release */,
			);
			defaultConfigurationIsVisible = 0;
			defaultConfigurationName = Release;
		};
		1B4010F22FDCA09300DAF751 /* Build configuration list for PBXAggregateTarget "PluginBridge" */ = {
			isa = XCConfigurationList;
			buildConfigurations = (
				1B4010F32FDCA09300DAF751 /* Debug */,
				1B4010F42FDCA09300DAF751 /* Beta */,
				1B4010F52FDCA09300DAF751 /* Release */,
			);
			defaultConfigurationIsVisible = 0;
			defaultConfigurationName = Release;
		};
		1B5EED022FDCA09300DAF751 /* Build configuration list for PBXAggregateTarget "TestEnvSeed" */ = {
			isa = XCConfigurationList;
			buildConfigurations = (
				1B5EED032FDCA09300DAF751 /* Debug */,
				1B5EED042FDCA09300DAF751 /* Beta */,
				1B5EED052FDCA09300DAF751 /* Release */,
			);
			defaultConfigurationIsVisible = 0;
			defaultConfigurationName = Release;
		};
		A17E00182FDCB00000DAF751 /* Build configuration list for PBXNativeTarget "GmKernelTests" */ = {
			isa = XCConfigurationList;
			buildConfigurations = (
				A17E00192FDCB00000DAF751 /* Debug */,
				A17E001A2FDCB00000DAF751 /* Beta */,
				A17E001B2FDCB00000DAF751 /* Release */,
			);
			defaultConfigurationIsVisible = 0;
			defaultConfigurationName = Release;
		};
/* End XCConfigurationList section */

/* Begin XCLocalSwiftPackageReference section */
		A17E00082FDCB00000DAF751 /* XCLocalSwiftPackageReference "gmClaudeForFoundationModels" */ = {
			isa = XCLocalSwiftPackageReference;
			relativePath = gmClaudeForFoundationModels;
		};
/* End XCLocalSwiftPackageReference section */

/* Begin XCRemoteSwiftPackageReference section */
		A17E00062FDCB00000DAF751 /* XCRemoteSwiftPackageReference "GRDB.swift" */ = {
			isa = XCRemoteSwiftPackageReference;
			repositoryURL = "https://github.com/groue/GRDB.swift.git";
			requirement = {
				kind = upToNextMajorVersion;
				minimumVersion = 7.0.0;
			};
		};
		A17E00072FDCB00000DAF751 /* XCRemoteSwiftPackageReference "swift-protobuf" */ = {
			isa = XCRemoteSwiftPackageReference;
			repositoryURL = "https://github.com/apple/swift-protobuf.git";
			requirement = {
				kind = upToNextMajorVersion;
				minimumVersion = 1.28.0;
			};
		};
/* End XCRemoteSwiftPackageReference section */

/* Begin XCSwiftPackageProductDependency section */
		A17E00092FDCB00000DAF751 /* GRDB */ = {
			isa = XCSwiftPackageProductDependency;
			package = A17E00062FDCB00000DAF751 /* XCRemoteSwiftPackageReference "GRDB.swift" */;
			productName = GRDB;
		};
		A17E000A2FDCB00000DAF751 /* SwiftProtobuf */ = {
			isa = XCSwiftPackageProductDependency;
			package = A17E00072FDCB00000DAF751 /* XCRemoteSwiftPackageReference "swift-protobuf" */;
			productName = SwiftProtobuf;
		};
		A17E000B2FDCB00000DAF751 /* ClaudeForFoundationModels */ = {
			isa = XCSwiftPackageProductDependency;
			productName = ClaudeForFoundationModels;
		};
		A17E00162FDCB00000DAF751 /* GRDB */ = {
			isa = XCSwiftPackageProductDependency;
			package = A17E00062FDCB00000DAF751 /* XCRemoteSwiftPackageReference "GRDB.swift" */;
			productName = GRDB;
		};
/* End XCSwiftPackageProductDependency section */
	};
	rootObject = 1B40106B2FDCA09200DAF751 /* Project object */;
}
